
Microsoft Visual Studio Solution File, Format Version 12.00
# Visual Studio Version 17
VisualStudioVersion = 17.4.33213.308
MinimumVisualStudioVersion = 10.0.40219.1
Project("{9A19103F-16F7-4668-BE54-9A1E7A4F7556}") = "Medi Deliver", "Medi Deliver\Medi Deliver.csproj", "{91B2ABD2-98E9-4FF8-9327-878160DFB525}"
EndProject
Global
	GlobalSection(SolutionConfigurationPlatforms) = preSolution
		Debug|Any CPU = Debug|Any CPU
		Release|Any CPU = Release|Any CPU
	EndGlobalSection
	GlobalSection(ProjectConfigurationPlatforms) = postSolution
		{91B2ABD2-98E9-4FF8-9327-878160DFB525}.Debug|Any CPU.ActiveCfg = Debug|Any CPU
		{91B2ABD2-98E9-4FF8-9327-878160DFB525}.Debug|Any CPU.Build.0 = Debug|Any CPU
		{91B2ABD2-98E9-4FF8-9327-878160DFB525}.Release|Any CPU.ActiveCfg = Release|Any CPU
		{91B2ABD2-98E9-4FF8-9327-878160DFB525}.Release|Any CPU.Build.0 = Release|Any CPU
	EndGlobalSection
	GlobalSection(SolutionProperties) = preSolution
		HideSolutionNode = FALSE
	EndGlobalSection
	GlobalSection(ExtensibilityGlobals) = postSolution
		SolutionGuid = {5CEC5FB1-578C-4E61-AD58-558929E014A5}
	EndGlobalSection
EndGlobal
